
Microsoft Visual Studio Solution File, Format Version 12.00
# Visual Studio 15
VisualStudioVersion = 15.0.34112.143
MinimumVisualStudioVersion = 10.0.40219.1
Project("{FAE04EC0-301F-11D3-BF4B-00C04F79EFBC}") = "BorsaTakipUygulaması", "BorsaTakipUygulaması\BorsaTakipUygulaması.csproj", "{C4BFA41C-1774-426A-A85E-28AFE24E4053}"
EndProject
Global
	GlobalSection(SolutionConfigurationPlatforms) = preSolution
		Debug|Any CPU = Debug|Any CPU
		Release|Any CPU = Release|Any CPU
	EndGlobalSection
	GlobalSection(ProjectConfigurationPlatforms) = postSolution
		{C4BFA41C-1774-426A-A85E-28AFE24E4053}.Debug|Any CPU.ActiveCfg = Debug|Any CPU
		{C4BFA41C-1774-426A-A85E-28AFE24E4053}.Debug|Any CPU.Build.0 = Debug|Any CPU
		{C4BFA41C-1774-426A-A85E-28AFE24E4053}.Release|Any CPU.ActiveCfg = Release|Any CPU
		{C4BFA41C-1774-426A-A85E-28AFE24E4053}.Release|Any CPU.Build.0 = Release|Any CPU
	EndGlobalSection
	GlobalSection(SolutionProperties) = preSolution
		HideSolutionNode = FALSE
	EndGlobalSection
	GlobalSection(ExtensibilityGlobals) = postSolution
		SolutionGuid = {F591B6DB-13F0-4EB7-99A4-D1E2D88FCA66}
	EndGlobalSection
EndGlobal
